{
  "name": "theos",
  "version": "2.5.0",
  "lockfileVersion": 2,
  "requires": true,
  "packages": {
    "": {
      "name": "theos",
      "version": "2.5.0",
      "license": "GPL-3.0",
      "bin": {
        "denicify": "bin/denicify.pl",
        "logify": "bin/logify.pl",
        "logos": "bin/logos.pl",
        "nic": "bin/nic.pl",
        "nicify": "bin/nicify.pl"
      }
    }
  }
}
